
Microsoft Visual Studio Solution File, Format Version 12.00
# Visual Studio Version 16
VisualStudioVersion = 16.0.31911.196
MinimumVisualStudioVersion = 10.0.40219.1
Project("{2150E333-8FDC-42A3-9474-1A3956D46DE8}") = "FrontEnd", "FrontEnd", "{C9058AC1-325B-4580-B252-85603E4BF224}"
EndProject
Project("{2150E333-8FDC-42A3-9474-1A3956D46DE8}") = "Services", "Services", "{28697B91-49D7-490E-87A3-065B72164D54}"
EndProject
Project("{9A19103F-16F7-4668-BE54-9A1E7A4F7556}") = "Vastag.Web", "Vastag.Web\Vastag.Web.csproj", "{D9F6AF8B-AFAB-463F-9B2F-1DEB36FCDE09}"
EndProject
Project("{9A19103F-16F7-4668-BE54-9A1E7A4F7556}") = "ProductAPI", "ProductAPI\ProductAPI.csproj", "{49C2CA2C-EA7B-4DA9-A25D-5DDA49705045}"
EndProject
Project("{9A19103F-16F7-4668-BE54-9A1E7A4F7556}") = "Identity", "Identity\Identity.csproj", "{9F2FE167-51ED-452A-A5E5-499A1BF5F130}"
EndProject
Project("{9A19103F-16F7-4668-BE54-9A1E7A4F7556}") = "ShoppingCartAPI", "ShoppingCartAPI\ShoppingCartAPI.csproj", "{358E1872-64E3-47ED-A6DE-603819C8A449}"
EndProject
Project("{FAE04EC0-301F-11D3-BF4B-00C04F79EFBC}") = "CouponAPI", "CouponAPI\CouponAPI.csproj", "{AFFED581-F1B6-4856-BD0E-361697DDEAA7}"
EndProject
Global
	GlobalSection(SolutionConfigurationPlatforms) = preSolution
		Debug|Any CPU = Debug|Any CPU
		Release|Any CPU = Release|Any CPU
	EndGlobalSection
	GlobalSection(ProjectConfigurationPlatforms) = postSolution
		{D9F6AF8B-AFAB-463F-9B2F-1DEB36FCDE09}.Debug|Any CPU.ActiveCfg = Debug|Any CPU
		{D9F6AF8B-AFAB-463F-9B2F-1DEB36FCDE09}.Debug|Any CPU.Build.0 = Debug|Any CPU
		{D9F6AF8B-AFAB-463F-9B2F-1DEB36FCDE09}.Release|Any CPU.ActiveCfg = Release|Any CPU
		{D9F6AF8B-AFAB-463F-9B2F-1DEB36FCDE09}.Release|Any CPU.Build.0 = Release|Any CPU
		{49C2CA2C-EA7B-4DA9-A25D-5DDA49705045}.Debug|Any CPU.ActiveCfg = Debug|Any CPU
		{49C2CA2C-EA7B-4DA9-A25D-5DDA49705045}.Debug|Any CPU.Build.0 = Debug|Any CPU
		{49C2CA2C-EA7B-4DA9-A25D-5DDA49705045}.Release|Any CPU.ActiveCfg = Release|Any CPU
		{49C2CA2C-EA7B-4DA9-A25D-5DDA49705045}.Release|Any CPU.Build.0 = Release|Any CPU
		{9F2FE167-51ED-452A-A5E5-499A1BF5F130}.Debug|Any CPU.ActiveCfg = Debug|Any CPU
		{9F2FE167-51ED-452A-A5E5-499A1BF5F130}.Debug|Any CPU.Build.0 = Debug|Any CPU
		{9F2FE167-51ED-452A-A5E5-499A1BF5F130}.Release|Any CPU.ActiveCfg = Release|Any CPU
		{9F2FE167-51ED-452A-A5E5-499A1BF5F130}.Release|Any CPU.Build.0 = Release|Any CPU
		{358E1872-64E3-47ED-A6DE-603819C8A449}.Debug|Any CPU.ActiveCfg = Debug|Any CPU
		{358E1872-64E3-47ED-A6DE-603819C8A449}.Debug|Any CPU.Build.0 = Debug|Any CPU
		{358E1872-64E3-47ED-A6DE-603819C8A449}.Release|Any CPU.ActiveCfg = Release|Any CPU
		{358E1872-64E3-47ED-A6DE-603819C8A449}.Release|Any CPU.Build.0 = Release|Any CPU
		{AFFED581-F1B6-4856-BD0E-361697DDEAA7}.Debug|Any CPU.ActiveCfg = Debug|Any CPU
		{AFFED581-F1B6-4856-BD0E-361697DDEAA7}.Debug|Any CPU.Build.0 = Debug|Any CPU
		{AFFED581-F1B6-4856-BD0E-361697DDEAA7}.Release|Any CPU.ActiveCfg = Release|Any CPU
		{AFFED581-F1B6-4856-BD0E-361697DDEAA7}.Release|Any CPU.Build.0 = Release|Any CPU
	EndGlobalSection
	GlobalSection(SolutionProperties) = preSolution
		HideSolutionNode = FALSE
	EndGlobalSection
	GlobalSection(NestedProjects) = preSolution
		{D9F6AF8B-AFAB-463F-9B2F-1DEB36FCDE09} = {C9058AC1-325B-4580-B252-85603E4BF224}
		{49C2CA2C-EA7B-4DA9-A25D-5DDA49705045} = {28697B91-49D7-490E-87A3-065B72164D54}
		{9F2FE167-51ED-452A-A5E5-499A1BF5F130} = {28697B91-49D7-490E-87A3-065B72164D54}
		{358E1872-64E3-47ED-A6DE-603819C8A449} = {28697B91-49D7-490E-87A3-065B72164D54}
		{AFFED581-F1B6-4856-BD0E-361697DDEAA7} = {28697B91-49D7-490E-87A3-065B72164D54}
	EndGlobalSection
	GlobalSection(ExtensibilityGlobals) = postSolution
		SolutionGuid = {0CC74F16-2DFF-4FB2-97EA-83CD3D08D225}
	EndGlobalSection
EndGlobal
